# This file is generated by running "yarn install" inside your project.
# Manual changes might be lost - proceed with caution!

__metadata:
  version: 5
  cacheKey: 8

"bootstrap-v4-rtl@npm:^4.6.0-3":
  version: 4.6.0-3
  resolution: "bootstrap-v4-rtl@npm:4.6.0-3"
  peerDependencies:
    jquery: 1.9.1 - 3
    popper.js: ^1.16.1
  checksum: 0564f958c26e23030bde480eb8bb2fb1f1bc83ac882967aa165982abe3b925f23d5fd9ba43314253a6477ff2fb383fe31c4cd2f5600002be874e7c22f9b76a92
  languageName: node
  linkType: hard

"codebreaker_web@workspace:.":
  version: 0.0.0-use.local
  resolution: "codebreaker_web@workspace:."
  dependencies:
    bootstrap-v4-rtl: ^4.6.0-3
    jquery: ^3.6.0
    popper.js: ^1.16.1
  languageName: unknown
  linkType: soft

"jquery@npm:^3.6.0":
  version: 3.6.0
  resolution: "jquery@npm:3.6.0"
  checksum: 8fd5fef4aa48fd374ec716dd1c1df1af407814a228e15c1260ca140de3a697c2a77c30c54ff1d238b6a3ab4ddc445ddeef9adce6c6d28e4869d85eb9d3951c0e
  languageName: node
  linkType: hard

"popper.js@npm:^1.16.1":
  version: 1.16.1
  resolution: "popper.js@npm:1.16.1"
  checksum: c56ae5001ec50a77ee297a8061a0221d99d25c7348d2e6bcd3e45a0d0f32a1fd81bca29d46cb0d4bdf13efb77685bd6a0ce93f9eb3c608311a461f945fffedbe
  languageName: node
  linkType: hard
